
Microsoft Visual Studio Solution File, Format Version 12.00
# Visual Studio Version 17
VisualStudioVersion = 17.3.32611.2
MinimumVisualStudioVersion = 15.0.26124.0
Project("{9A19103F-16F7-4668-BE54-9A1E7A4F7556}") = "ViscaLibrary", "ViscaLibrary-main\ViscaLibrary\ViscaLibrary.csproj", "{81FCBC49-46D4-48BE-BD77-65A0CF2FB72F}"
EndProject
Project("{FAE04EC0-301F-11D3-BF4B-00C04F79EFBC}") = "AvControApplication", "AvControlApplication\AvControApplication.csproj", "{D233F8CB-D67B-400B-A451-8E75980EAE05}"
EndProject
Global
	GlobalSection(SolutionConfigurationPlatforms) = preSolution
		Debug_Ubuntu|Any CPU = Debug_Ubuntu|Any CPU
		Debug_Ubuntu|x64 = Debug_Ubuntu|x64
		Debug_Ubuntu|x86 = Debug_Ubuntu|x86
		Debug|Any CPU = Debug|Any CPU
		Debug|x64 = Debug|x64
		Debug|x86 = Debug|x86
		Release_Ubuntu|Any CPU = Release_Ubuntu|Any CPU
		Release_Ubuntu|x64 = Release_Ubuntu|x64
		Release_Ubuntu|x86 = Release_Ubuntu|x86
		Release|Any CPU = Release|Any CPU
		Release|x64 = Release|x64
		Release|x86 = Release|x86
	EndGlobalSection
	GlobalSection(ProjectConfigurationPlatforms) = postSolution
		{81FCBC49-46D4-48BE-BD77-65A0CF2FB72F}.Debug_Ubuntu|Any CPU.ActiveCfg = Debug|Any CPU
		{81FCBC49-46D4-48BE-BD77-65A0CF2FB72F}.Debug_Ubuntu|Any CPU.Build.0 = Debug|Any CPU
		{81FCBC49-46D4-48BE-BD77-65A0CF2FB72F}.Debug_Ubuntu|x64.ActiveCfg = Debug|Any CPU
		{81FCBC49-46D4-48BE-BD77-65A0CF2FB72F}.Debug_Ubuntu|x64.Build.0 = Debug|Any CPU
		{81FCBC49-46D4-48BE-BD77-65A0CF2FB72F}.Debug_Ubuntu|x86.ActiveCfg = Debug|Any CPU
		{81FCBC49-46D4-48BE-BD77-65A0CF2FB72F}.Debug_Ubuntu|x86.Build.0 = Debug|Any CPU
		{81FCBC49-46D4-48BE-BD77-65A0CF2FB72F}.Debug|Any CPU.ActiveCfg = Debug|Any CPU
		{81FCBC49-46D4-48BE-BD77-65A0CF2FB72F}.Debug|Any CPU.Build.0 = Debug|Any CPU
		{81FCBC49-46D4-48BE-BD77-65A0CF2FB72F}.Debug|x64.ActiveCfg = Debug|Any CPU
		{81FCBC49-46D4-48BE-BD77-65A0CF2FB72F}.Debug|x64.Build.0 = Debug|Any CPU
		{81FCBC49-46D4-48BE-BD77-65A0CF2FB72F}.Debug|x86.ActiveCfg = Debug|Any CPU
		{81FCBC49-46D4-48BE-BD77-65A0CF2FB72F}.Debug|x86.Build.0 = Debug|Any CPU
		{81FCBC49-46D4-48BE-BD77-65A0CF2FB72F}.Release_Ubuntu|Any CPU.ActiveCfg = Release|Any CPU
		{81FCBC49-46D4-48BE-BD77-65A0CF2FB72F}.Release_Ubuntu|Any CPU.Build.0 = Release|Any CPU
		{81FCBC49-46D4-48BE-BD77-65A0CF2FB72F}.Release_Ubuntu|x64.ActiveCfg = Release|Any CPU
		{81FCBC49-46D4-48BE-BD77-65A0CF2FB72F}.Release_Ubuntu|x64.Build.0 = Release|Any CPU
		{81FCBC49-46D4-48BE-BD77-65A0CF2FB72F}.Release_Ubuntu|x86.ActiveCfg = Release|Any CPU
		{81FCBC49-46D4-48BE-BD77-65A0CF2FB72F}.Release_Ubuntu|x86.Build.0 = Release|Any CPU
		{81FCBC49-46D4-48BE-BD77-65A0CF2FB72F}.Release|Any CPU.ActiveCfg = Release|Any CPU
		{81FCBC49-46D4-48BE-BD77-65A0CF2FB72F}.Release|Any CPU.Build.0 = Release|Any CPU
		{81FCBC49-46D4-48BE-BD77-65A0CF2FB72F}.Release|x64.ActiveCfg = Release|Any CPU
		{81FCBC49-46D4-48BE-BD77-65A0CF2FB72F}.Release|x64.Build.0 = Release|Any CPU
		{81FCBC49-46D4-48BE-BD77-65A0CF2FB72F}.Release|x86.ActiveCfg = Release|Any CPU
		{81FCBC49-46D4-48BE-BD77-65A0CF2FB72F}.Release|x86.Build.0 = Release|Any CPU
		{D233F8CB-D67B-400B-A451-8E75980EAE05}.Debug_Ubuntu|Any CPU.ActiveCfg = Debug|Any CPU
		{D233F8CB-D67B-400B-A451-8E75980EAE05}.Debug_Ubuntu|Any CPU.Build.0 = Debug|Any CPU
		{D233F8CB-D67B-400B-A451-8E75980EAE05}.Debug_Ubuntu|x64.ActiveCfg = Debug|Any CPU
		{D233F8CB-D67B-400B-A451-8E75980EAE05}.Debug_Ubuntu|x64.Build.0 = Debug|Any CPU
		{D233F8CB-D67B-400B-A451-8E75980EAE05}.Debug_Ubuntu|x86.ActiveCfg = Debug|Any CPU
		{D233F8CB-D67B-400B-A451-8E75980EAE05}.Debug_Ubuntu|x86.Build.0 = Debug|Any CPU
		{D233F8CB-D67B-400B-A451-8E75980EAE05}.Debug|Any CPU.ActiveCfg = Debug|Any CPU
		{D233F8CB-D67B-400B-A451-8E75980EAE05}.Debug|Any CPU.Build.0 = Debug|Any CPU
		{D233F8CB-D67B-400B-A451-8E75980EAE05}.Debug|x64.ActiveCfg = Debug|Any CPU
		{D233F8CB-D67B-400B-A451-8E75980EAE05}.Debug|x64.Build.0 = Debug|Any CPU
		{D233F8CB-D67B-400B-A451-8E75980EAE05}.Debug|x86.ActiveCfg = Debug|Any CPU
		{D233F8CB-D67B-400B-A451-8E75980EAE05}.Debug|x86.Build.0 = Debug|Any CPU
		{D233F8CB-D67B-400B-A451-8E75980EAE05}.Release_Ubuntu|Any CPU.ActiveCfg = Release|Any CPU
		{D233F8CB-D67B-400B-A451-8E75980EAE05}.Release_Ubuntu|Any CPU.Build.0 = Release|Any CPU
		{D233F8CB-D67B-400B-A451-8E75980EAE05}.Release_Ubuntu|x64.ActiveCfg = Release|Any CPU
		{D233F8CB-D67B-400B-A451-8E75980EAE05}.Release_Ubuntu|x64.Build.0 = Release|Any CPU
		{D233F8CB-D67B-400B-A451-8E75980EAE05}.Release_Ubuntu|x86.ActiveCfg = Release|Any CPU
		{D233F8CB-D67B-400B-A451-8E75980EAE05}.Release_Ubuntu|x86.Build.0 = Release|Any CPU
		{D233F8CB-D67B-400B-A451-8E75980EAE05}.Release|Any CPU.ActiveCfg = Release|Any CPU
		{D233F8CB-D67B-400B-A451-8E75980EAE05}.Release|Any CPU.Build.0 = Release|Any CPU
		{D233F8CB-D67B-400B-A451-8E75980EAE05}.Release|x64.ActiveCfg = Release|Any CPU
		{D233F8CB-D67B-400B-A451-8E75980EAE05}.Release|x64.Build.0 = Release|Any CPU
		{D233F8CB-D67B-400B-A451-8E75980EAE05}.Release|x86.ActiveCfg = Release|Any CPU
		{D233F8CB-D67B-400B-A451-8E75980EAE05}.Release|x86.Build.0 = Release|Any CPU
	EndGlobalSection
	GlobalSection(SolutionProperties) = preSolution
		HideSolutionNode = FALSE
	EndGlobalSection
	GlobalSection(ExtensibilityGlobals) = postSolution
		SolutionGuid = {22A9C786-6186-4907-98F8-50AB527AE521}
	EndGlobalSection
EndGlobal
